// !$*UTF8*$!
{
	archiveVersion = 1;
	classes = {
	};
	objectVersion = 46;
	objects = {

/* Begin PBXBuildFile section */
		DC15B8311CD1F88100C2309C /* ViewController.swift in Sources */ = {isa = PBXBuildFile; fileRef = DC15B8301CD1F88100C2309C /* ViewController.swift */; };
		DC15B8331CD1F8D200C2309C /* DCtableView.swift in Sources */ = {isa = PBXBuildFile; fileRef = DC15B8321CD1F8D200C2309C /* DCtableView.swift */; };
		DC20E6621CE77E3200161479 /* DetailViewController.swift in Sources */ = {isa = PBXBuildFile; fileRef = DC20E6611CE77E3200161479 /* DetailViewController.swift */; };
		DC2E15B21FB255F30053920A /* UIDevice+modelName.swift in Sources */ = {isa = PBXBuildFile; fileRef = DC2E15B11FB255F30053920A /* UIDevice+modelName.swift */; };
		DC3112741B45F1760084BDF3 /* HudView.swift in Sources */ = {isa = PBXBuildFile; fileRef = DC3112731B45F1760084BDF3 /* HudView.swift */; };
		DC67086D1B3AD37300C6F17C /* CategoryPickerViewController.swift in Sources */ = {isa = PBXBuildFile; fileRef = DC67086C1B3AD37300C6F17C /* CategoryPickerViewController.swift */; };
		DC68E1651B30C3CD00491237 /* LocationDetailsViewController.swift in Sources */ = {isa = PBXBuildFile; fileRef = DC68E1641B30C3CD00491237 /* LocationDetailsViewController.swift */; };
		DC765B491CE9EA9500C8EF69 /* Localizable.strings in Resources */ = {isa = PBXBuildFile; fileRef = DC765B471CE9EA9500C8EF69 /* Localizable.strings */; };
		DC7D52441B274265002B3D0F /* AppDelegate.swift in Sources */ = {isa = PBXBuildFile; fileRef = DC7D52431B274265002B3D0F /* AppDelegate.swift */; };
		DC7D52461B274265002B3D0F /* CurrentLocationViewController.swift in Sources */ = {isa = PBXBuildFile; fileRef = DC7D52451B274265002B3D0F /* CurrentLocationViewController.swift */; };
		DC7D524B1B274265002B3D0F /* Main.storyboard in Resources */ = {isa = PBXBuildFile; fileRef = DC7D52491B274265002B3D0F /* Main.storyboard */; };
		DC7D524D1B274265002B3D0F /* Images.xcassets in Resources */ = {isa = PBXBuildFile; fileRef = DC7D524C1B274265002B3D0F /* Images.xcassets */; };
		DC7D52501B274265002B3D0F /* LaunchScreen.xib in Resources */ = {isa = PBXBuildFile; fileRef = DC7D524E1B274265002B3D0F /* LaunchScreen.xib */; };
		DC7D525C1B274265002B3D0F /* PlacestarTests.swift in Sources */ = {isa = PBXBuildFile; fileRef = DC7D525B1B274265002B3D0F /* PlacestarTests.swift */; };
		DC88BD841BE299F600ABBA8B /* LocationsViewController.swift in Sources */ = {isa = PBXBuildFile; fileRef = DC88BD831BE299F600ABBA8B /* LocationsViewController.swift */; };
		DC95CB9C1CCFB04C00E8C207 /* UIImage+Resize.swift in Sources */ = {isa = PBXBuildFile; fileRef = DC95CB9B1CCFB04C00E8C207 /* UIImage+Resize.swift */; };
		DCA765BB20BDF6D6000F9115 /* munich.gpx in Resources */ = {isa = PBXBuildFile; fileRef = DCA765B720BDF6D5000F9115 /* munich.gpx */; };
		DCA765BC20BDF6D6000F9115 /* Location+CoreDataProperties.swift in Sources */ = {isa = PBXBuildFile; fileRef = DCA765B820BDF6D5000F9115 /* Location+CoreDataProperties.swift */; };
		DCA765BD20BDF6D6000F9115 /* Location.swift in Sources */ = {isa = PBXBuildFile; fileRef = DCA765B920BDF6D5000F9115 /* Location.swift */; };
		DCA765BE20BDF6D6000F9115 /* LocationCell.swift in Sources */ = {isa = PBXBuildFile; fileRef = DCA765BA20BDF6D6000F9115 /* LocationCell.swift */; };
		DCD5CC871CC82C4C0028953C /* MapKit.framework in Frameworks */ = {isa = PBXBuildFile; fileRef = DCD5CC861CC82C4C0028953C /* MapKit.framework */; };
		DCD5CC891CC82CDB0028953C /* MapViewController.swift in Sources */ = {isa = PBXBuildFile; fileRef = DCD5CC881CC82CDB0028953C /* MapViewController.swift */; };
		DCE808BD1B46A72E002A7AA9 /* Functions.swift in Sources */ = {isa = PBXBuildFile; fileRef = DCE808BC1B46A72E002A7AA9 /* Functions.swift */; };
		DCF686AD1BA6D5B000D7A9FF /* DataModel.xcdatamodeld in Sources */ = {isa = PBXBuildFile; fileRef = DCF686AB1BA6D5B000D7A9FF /* DataModel.xcdatamodeld */; };
/* End PBXBuildFile section */

/* Begin PBXContainerItemProxy section */
		DC7D52561B274265002B3D0F /* PBXContainerItemProxy */ = {
			isa = PBXContainerItemProxy;
			containerPortal = DC7D52361B274265002B3D0F /* Project object */;
			proxyType = 1;
			remoteGlobalIDString = DC7D523D1B274265002B3D0F;
			remoteInfo = Placestar;
		};
/* End PBXContainerItemProxy section */

/* Begin PBXCopyFilesBuildPhase section */
		DCB6F94C1DE61A6000F06F0E /* Embed App Extensions */ = {
			isa = PBXCopyFilesBuildPhase;
			buildActionMask = 2147483647;
			dstPath = "";
			dstSubfolderSpec = 13;
			files = (
			);
			name = "Embed App Extensions";
			runOnlyForDeploymentPostprocessing = 0;
		};
/* End PBXCopyFilesBuildPhase section */

/* Begin PBXFileReference section */
		DC15B8301CD1F88100C2309C /* ViewController.swift */ = {isa = PBXFileReference; fileEncoding = 4; lastKnownFileType = sourcecode.swift; path = ViewController.swift; sourceTree = "<group>"; };
		DC15B8321CD1F8D200C2309C /* DCtableView.swift */ = {isa = PBXFileReference; fileEncoding = 4; lastKnownFileType = sourcecode.swift; path = DCtableView.swift; sourceTree = "<group>"; };
		DC20E6611CE77E3200161479 /* DetailViewController.swift */ = {isa = PBXFileReference; fileEncoding = 4; lastKnownFileType = sourcecode.swift; path = DetailViewController.swift; sourceTree = "<group>"; };
		DC22B4DE1DEE073B00E3681A /* Placestar.entitlements */ = {isa = PBXFileReference; lastKnownFileType = text.plist.entitlements; path = Placestar.entitlements; sourceTree = "<group>"; };
		DC2E15B11FB255F30053920A /* UIDevice+modelName.swift */ = {isa = PBXFileReference; lastKnownFileType = sourcecode.swift; path = "UIDevice+modelName.swift"; sourceTree = "<group>"; };
		DC3112731B45F1760084BDF3 /* HudView.swift */ = {isa = PBXFileReference; fileEncoding = 4; lastKnownFileType = sourcecode.swift; path = HudView.swift; sourceTree = "<group>"; };
		DC67086C1B3AD37300C6F17C /* CategoryPickerViewController.swift */ = {isa = PBXFileReference; fileEncoding = 4; lastKnownFileType = sourcecode.swift; path = CategoryPickerViewController.swift; sourceTree = "<group>"; };
		DC68E1641B30C3CD00491237 /* LocationDetailsViewController.swift */ = {isa = PBXFileReference; fileEncoding = 4; lastKnownFileType = sourcecode.swift; path = LocationDetailsViewController.swift; sourceTree = "<group>"; };
		DC765B461CE9E70B00C8EF69 /* en */ = {isa = PBXFileReference; lastKnownFileType = text.plist.strings; name = en; path = en.lproj/Main.strings; sourceTree = "<group>"; };
		DC765B481CE9EA9500C8EF69 /* en */ = {isa = PBXFileReference; lastKnownFileType = text.plist.strings; name = en; path = en.lproj/Localizable.strings; sourceTree = "<group>"; };
		DC765B4A1CE9EE1F00C8EF69 /* de */ = {isa = PBXFileReference; lastKnownFileType = text.plist.strings; name = de; path = de.lproj/LaunchScreen.strings; sourceTree = "<group>"; };
		DC765B4B1CE9EE1F00C8EF69 /* de */ = {isa = PBXFileReference; lastKnownFileType = text.plist.strings; name = de; path = de.lproj/Main.strings; sourceTree = "<group>"; };
		DC765B4C1CE9EE1F00C8EF69 /* de */ = {isa = PBXFileReference; lastKnownFileType = text.plist.strings; name = de; path = de.lproj/Localizable.strings; sourceTree = "<group>"; };
		DC7D523E1B274265002B3D0F /* Placestar.app */ = {isa = PBXFileReference; explicitFileType = wrapper.application; includeInIndex = 0; path = Placestar.app; sourceTree = BUILT_PRODUCTS_DIR; };
		DC7D52421B274265002B3D0F /* Info.plist */ = {isa = PBXFileReference; lastKnownFileType = text.plist.xml; path = Info.plist; sourceTree = "<group>"; };
		DC7D52431B274265002B3D0F /* AppDelegate.swift */ = {isa = PBXFileReference; lastKnownFileType = sourcecode.swift; path = AppDelegate.swift; sourceTree = "<group>"; };
		DC7D52451B274265002B3D0F /* CurrentLocationViewController.swift */ = {isa = PBXFileReference; lastKnownFileType = sourcecode.swift; path = CurrentLocationViewController.swift; sourceTree = "<group>"; };
		DC7D524A1B274265002B3D0F /* Base */ = {isa = PBXFileReference; lastKnownFileType = file.storyboard; name = Base; path = Base.lproj/Main.storyboard; sourceTree = "<group>"; };
		DC7D524C1B274265002B3D0F /* Images.xcassets */ = {isa = PBXFileReference; lastKnownFileType = folder.assetcatalog; path = Images.xcassets; sourceTree = "<group>"; };
		DC7D524F1B274265002B3D0F /* Base */ = {isa = PBXFileReference; lastKnownFileType = file.xib; name = Base; path = Base.lproj/LaunchScreen.xib; sourceTree = "<group>"; };
		DC7D52551B274265002B3D0F /* Placestar.xctest */ = {isa = PBXFileReference; explicitFileType = wrapper.cfbundle; includeInIndex = 0; path = Placestar.xctest; sourceTree = BUILT_PRODUCTS_DIR; };
		DC7D525A1B274265002B3D0F /* Info.plist */ = {isa = PBXFileReference; lastKnownFileType = text.plist.xml; path = Info.plist; sourceTree = "<group>"; };
		DC7D525B1B274265002B3D0F /* PlacestarTests.swift */ = {isa = PBXFileReference; lastKnownFileType = sourcecode.swift; path = PlacestarTests.swift; sourceTree = "<group>"; };
		DC88BD831BE299F600ABBA8B /* LocationsViewController.swift */ = {isa = PBXFileReference; fileEncoding = 4; lastKnownFileType = sourcecode.swift; path = LocationsViewController.swift; sourceTree = "<group>"; };
		DC95CB9B1CCFB04C00E8C207 /* UIImage+Resize.swift */ = {isa = PBXFileReference; fileEncoding = 4; lastKnownFileType = sourcecode.swift; path = "UIImage+Resize.swift"; sourceTree = "<group>"; };
		DCA765B720BDF6D5000F9115 /* munich.gpx */ = {isa = PBXFileReference; fileEncoding = 4; lastKnownFileType = text.xml; path = munich.gpx; sourceTree = "<group>"; };
		DCA765B820BDF6D5000F9115 /* Location+CoreDataProperties.swift */ = {isa = PBXFileReference; fileEncoding = 4; lastKnownFileType = sourcecode.swift; path = "Location+CoreDataProperties.swift"; sourceTree = "<group>"; };
		DCA765B920BDF6D5000F9115 /* Location.swift */ = {isa = PBXFileReference; fileEncoding = 4; lastKnownFileType = sourcecode.swift; path = Location.swift; sourceTree = "<group>"; };
		DCA765BA20BDF6D6000F9115 /* LocationCell.swift */ = {isa = PBXFileReference; fileEncoding = 4; lastKnownFileType = sourcecode.swift; path = LocationCell.swift; sourceTree = "<group>"; };
		DCB6F93D1DE61A6000F06F0E /* NotificationCenter.framework */ = {isa = PBXFileReference; lastKnownFileType = wrapper.framework; name = NotificationCenter.framework; path = System/Library/Frameworks/NotificationCenter.framework; sourceTree = SDKROOT; };
		DCD5CC861CC82C4C0028953C /* MapKit.framework */ = {isa = PBXFileReference; lastKnownFileType = wrapper.framework; name = MapKit.framework; path = System/Library/Frameworks/MapKit.framework; sourceTree = SDKROOT; };
		DCD5CC881CC82CDB0028953C /* MapViewController.swift */ = {isa = PBXFileReference; fileEncoding = 4; lastKnownFileType = sourcecode.swift; path = MapViewController.swift; sourceTree = "<group>"; };
		DCE808BC1B46A72E002A7AA9 /* Functions.swift */ = {isa = PBXFileReference; fileEncoding = 4; lastKnownFileType = sourcecode.swift; path = Functions.swift; sourceTree = "<group>"; };
		DCF686AC1BA6D5B000D7A9FF /* DataModel.xcdatamodel */ = {isa = PBXFileReference; lastKnownFileType = wrapper.xcdatamodel; path = DataModel.xcdatamodel; sourceTree = "<group>"; };
/* End PBXFileReference section */

/* Begin PBXFrameworksBuildPhase section */
		DC7D523B1B274265002B3D0F /* Frameworks */ = {
			isa = PBXFrameworksBuildPhase;
			buildActionMask = 2147483647;
			files = (
				DCD5CC871CC82C4C0028953C /* MapKit.framework in Frameworks */,
			);
			runOnlyForDeploymentPostprocessing = 0;
		};
		DC7D52521B274265002B3D0F /* Frameworks */ = {
			isa = PBXFrameworksBuildPhase;
			buildActionMask = 2147483647;
			files = (
			);
			runOnlyForDeploymentPostprocessing = 0;
		};
/* End PBXFrameworksBuildPhase section */

/* Begin PBXGroup section */
		DC7D52351B274265002B3D0F = {
			isa = PBXGroup;
			children = (
				DCD5CC861CC82C4C0028953C /* MapKit.framework */,
				DC7D52401B274265002B3D0F /* Placestar */,
				DC7D52581B274265002B3D0F /* PlacestarTests */,
				DCB6F93C1DE61A6000F06F0E /* Frameworks */,
				DC7D523F1B274265002B3D0F /* Products */,
			);
			sourceTree = "<group>";
		};
		DC7D523F1B274265002B3D0F /* Products */ = {
			isa = PBXGroup;
			children = (
				DC7D523E1B274265002B3D0F /* Placestar.app */,
				DC7D52551B274265002B3D0F /* Placestar.xctest */,
			);
			name = Products;
			sourceTree = "<group>";
		};
		DC7D52401B274265002B3D0F /* Placestar */ = {
			isa = PBXGroup;
			children = (
				DC22B4DE1DEE073B00E3681A /* Placestar.entitlements */,
				DC7D52431B274265002B3D0F /* AppDelegate.swift */,
				DC15B8301CD1F88100C2309C /* ViewController.swift */,
				DC7D52451B274265002B3D0F /* CurrentLocationViewController.swift */,
				DC68E1641B30C3CD00491237 /* LocationDetailsViewController.swift */,
				DCE808BC1B46A72E002A7AA9 /* Functions.swift */,
				DC3112731B45F1760084BDF3 /* HudView.swift */,
				DCA765B920BDF6D5000F9115 /* Location.swift */,
				DCA765B820BDF6D5000F9115 /* Location+CoreDataProperties.swift */,
				DCA765BA20BDF6D6000F9115 /* LocationCell.swift */,
				DC88BD831BE299F600ABBA8B /* LocationsViewController.swift */,
				DC67086C1B3AD37300C6F17C /* CategoryPickerViewController.swift */,
				DC95CB9B1CCFB04C00E8C207 /* UIImage+Resize.swift */,
				DC2E15B11FB255F30053920A /* UIDevice+modelName.swift */,
				DCD5CC881CC82CDB0028953C /* MapViewController.swift */,
				DC15B8321CD1F8D200C2309C /* DCtableView.swift */,
				DC20E6611CE77E3200161479 /* DetailViewController.swift */,
				DC7D524C1B274265002B3D0F /* Images.xcassets */,
				DCF686AB1BA6D5B000D7A9FF /* DataModel.xcdatamodeld */,
				DC7D524E1B274265002B3D0F /* LaunchScreen.xib */,
				DC7D52491B274265002B3D0F /* Main.storyboard */,
				DCA765B720BDF6D5000F9115 /* munich.gpx */,
				DC7D52411B274265002B3D0F /* Supporting Files */,
			);
			path = Placestar;
			sourceTree = "<group>";
		};
		DC7D52411B274265002B3D0F /* Supporting Files */ = {
			isa = PBXGroup;
			children = (
				DC7D52421B274265002B3D0F /* Info.plist */,
				DC765B471CE9EA9500C8EF69 /* Localizable.strings */,
			);
			name = "Supporting Files";
			sourceTree = "<group>";
		};
		DC7D52581B274265002B3D0F /* PlacestarTests */ = {
			isa = PBXGroup;
			children = (
				DC7D525B1B274265002B3D0F /* PlacestarTests.swift */,
				DC7D52591B274265002B3D0F /* Supporting Files */,
			);
			path = PlacestarTests;
			sourceTree = "<group>";
		};
		DC7D52591B274265002B3D0F /* Supporting Files */ = {
			isa = PBXGroup;
			children = (
				DC7D525A1B274265002B3D0F /* Info.plist */,
			);
			name = "Supporting Files";
			sourceTree = "<group>";
		};
		DCB6F93C1DE61A6000F06F0E /* Frameworks */ = {
			isa = PBXGroup;
			children = (
				DCB6F93D1DE61A6000F06F0E /* NotificationCenter.framework */,
			);
			name = Frameworks;
			sourceTree = "<group>";
		};
/* End PBXGroup section */

/* Begin PBXNativeTarget section */
		DC7D523D1B274265002B3D0F /* Placestar */ = {
			isa = PBXNativeTarget;
			buildConfigurationList = DC7D525F1B274265002B3D0F /* Build configuration list for PBXNativeTarget "Placestar" */;
			buildPhases = (
				DC7D523A1B274265002B3D0F /* Sources */,
				DC7D523B1B274265002B3D0F /* Frameworks */,
				DC7D523C1B274265002B3D0F /* Resources */,
				DCB6F94C1DE61A6000F06F0E /* Embed App Extensions */,
			);
			buildRules = (
			);
			dependencies = (
			);
			name = Placestar;
			productName = Placestar;
			productReference = DC7D523E1B274265002B3D0F /* Placestar.app */;
			productType = "com.apple.product-type.application";
		};
		DC7D52541B274265002B3D0F /* PlacestarTests */ = {
			isa = PBXNativeTarget;
			buildConfigurationList = DC7D52621B274265002B3D0F /* Build configuration list for PBXNativeTarget "PlacestarTests" */;
			buildPhases = (
				DC7D52511B274265002B3D0F /* Sources */,
				DC7D52521B274265002B3D0F /* Frameworks */,
				DC7D52531B274265002B3D0F /* Resources */,
			);
			buildRules = (
			);
			dependencies = (
				DC7D52571B274265002B3D0F /* PBXTargetDependency */,
			);
			name = PlacestarTests;
			productName = PlacestarTests;
			productReference = DC7D52551B274265002B3D0F /* Placestar.xctest */;
			productType = "com.apple.product-type.bundle.unit-test";
		};
/* End PBXNativeTarget section */

/* Begin PBXProject section */
		DC7D52361B274265002B3D0F /* Project object */ = {
			isa = PBXProject;
			attributes = {
				LastSwiftUpdateCheck = 0810;
				LastUpgradeCheck = 0930;
				ORGANIZATIONNAME = "Felix Lösing";
				TargetAttributes = {
					DC7D523D1B274265002B3D0F = {
						CreatedOnToolsVersion = 6.3.2;
						DevelopmentTeam = C7H8ATK9UZ;
						LastSwiftMigration = 1020;
						SystemCapabilities = {
							com.apple.ApplicationGroups.iOS = {
								enabled = 1;
							};
						};
					};
					DC7D52541B274265002B3D0F = {
						CreatedOnToolsVersion = 6.3.2;
						LastSwiftMigration = 1020;
						TestTargetID = DC7D523D1B274265002B3D0F;
					};
				};
			};
			buildConfigurationList = DC7D52391B274265002B3D0F /* Build configuration list for PBXProject "Placestar" */;
			compatibilityVersion = "Xcode 3.2";
			developmentRegion = en;
			hasScannedForEncodings = 0;
			knownRegions = (
				en,
				Base,
				de,
			);
			mainGroup = DC7D52351B274265002B3D0F;
			productRefGroup = DC7D523F1B274265002B3D0F /* Products */;
			projectDirPath = "";
			projectRoot = "";
			targets = (
				DC7D523D1B274265002B3D0F /* Placestar */,
				DC7D52541B274265002B3D0F /* PlacestarTests */,
			);
		};
/* End PBXProject section */

/* Begin PBXResourcesBuildPhase section */
		DC7D523C1B274265002B3D0F /* Resources */ = {
			isa = PBXResourcesBuildPhase;
			buildActionMask = 2147483647;
			files = (
				DC7D524B1B274265002B3D0F /* Main.storyboard in Resources */,
				DCA765BB20BDF6D6000F9115 /* munich.gpx in Resources */,
				DC765B491CE9EA9500C8EF69 /* Localizable.strings in Resources */,
				DC7D52501B274265002B3D0F /* LaunchScreen.xib in Resources */,
				DC7D524D1B274265002B3D0F /* Images.xcassets in Resources */,
			);
			runOnlyForDeploymentPostprocessing = 0;
		};
		DC7D52531B274265002B3D0F /* Resources */ = {
			isa = PBXResourcesBuildPhase;
			buildActionMask = 2147483647;
			files = (
			);
			runOnlyForDeploymentPostprocessing = 0;
		};
/* End PBXResourcesBuildPhase section */

/* Begin PBXSourcesBuildPhase section */
		DC7D523A1B274265002B3D0F /* Sources */ = {
			isa = PBXSourcesBuildPhase;
			buildActionMask = 2147483647;
			files = (
				DC15B8311CD1F88100C2309C /* ViewController.swift in Sources */,
				DC20E6621CE77E3200161479 /* DetailViewController.swift in Sources */,
				DC68E1651B30C3CD00491237 /* LocationDetailsViewController.swift in Sources */,
				DCF686AD1BA6D5B000D7A9FF /* DataModel.xcdatamodeld in Sources */,
				DC3112741B45F1760084BDF3 /* HudView.swift in Sources */,
				DC88BD841BE299F600ABBA8B /* LocationsViewController.swift in Sources */,
				DCA765BE20BDF6D6000F9115 /* LocationCell.swift in Sources */,
				DC15B8331CD1F8D200C2309C /* DCtableView.swift in Sources */,
				DC2E15B21FB255F30053920A /* UIDevice+modelName.swift in Sources */,
				DCD5CC891CC82CDB0028953C /* MapViewController.swift in Sources */,
				DC95CB9C1CCFB04C00E8C207 /* UIImage+Resize.swift in Sources */,
				DCE808BD1B46A72E002A7AA9 /* Functions.swift in Sources */,
				DCA765BD20BDF6D6000F9115 /* Location.swift in Sources */,
				DCA765BC20BDF6D6000F9115 /* Location+CoreDataProperties.swift in Sources */,
				DC7D52441B274265002B3D0F /* AppDelegate.swift in Sources */,
				DC67086D1B3AD37300C6F17C /* CategoryPickerViewController.swift in Sources */,
				DC7D52461B274265002B3D0F /* CurrentLocationViewController.swift in Sources */,
			);
			runOnlyForDeploymentPostprocessing = 0;
		};
		DC7D52511B274265002B3D0F /* Sources */ = {
			isa = PBXSourcesBuildPhase;
			buildActionMask = 2147483647;
			files = (
				DC7D525C1B274265002B3D0F /* PlacestarTests.swift in Sources */,
			);
			runOnlyForDeploymentPostprocessing = 0;
		};
/* End PBXSourcesBuildPhase section */

/* Begin PBXTargetDependency section */
		DC7D52571B274265002B3D0F /* PBXTargetDependency */ = {
			isa = PBXTargetDependency;
			target = DC7D523D1B274265002B3D0F /* Placestar */;
			targetProxy = DC7D52561B274265002B3D0F /* PBXContainerItemProxy */;
		};
/* End PBXTargetDependency section */

/* Begin PBXVariantGroup section */
		DC765B471CE9EA9500C8EF69 /* Localizable.strings */ = {
			isa = PBXVariantGroup;
			children = (
				DC765B481CE9EA9500C8EF69 /* en */,
				DC765B4C1CE9EE1F00C8EF69 /* de */,
			);
			name = Localizable.strings;
			sourceTree = "<group>";
		};
		DC7D52491B274265002B3D0F /* Main.storyboard */ = {
			isa = PBXVariantGroup;
			children = (
				DC7D524A1B274265002B3D0F /* Base */,
				DC765B461CE9E70B00C8EF69 /* en */,
				DC765B4B1CE9EE1F00C8EF69 /* de */,
			);
			name = Main.storyboard;
			sourceTree = "<group>";
		};
		DC7D524E1B274265002B3D0F /* LaunchScreen.xib */ = {
			isa = PBXVariantGroup;
			children = (
				DC7D524F1B274265002B3D0F /* Base */,
				DC765B4A1CE9EE1F00C8EF69 /* de */,
			);
			name = LaunchScreen.xib;
			sourceTree = "<group>";
		};
/* End PBXVariantGroup section */

/* Begin XCBuildConfiguration section */
		DC7D525D1B274265002B3D0F /* Debug */ = {
			isa = XCBuildConfiguration;
			buildSettings = {
				ALWAYS_SEARCH_USER_PATHS = NO;
				CLANG_ANALYZER_LOCALIZABILITY_NONLOCALIZED = YES;
				CLANG_CXX_LANGUAGE_STANDARD = "gnu++0x";
				CLANG_CXX_LIBRARY = "libc++";
				CLANG_ENABLE_MODULES = YES;
				CLANG_ENABLE_OBJC_ARC = YES;
				CLANG_WARN_BLOCK_CAPTURE_AUTORELEASING = YES;
				CLANG_WARN_BOOL_CONVERSION = YES;
				CLANG_WARN_COMMA = YES;
				CLANG_WARN_CONSTANT_CONVERSION = YES;
				CLANG_WARN_DEPRECATED_OBJC_IMPLEMENTATIONS = YES;
				CLANG_WARN_DIRECT_OBJC_ISA_USAGE = YES_ERROR;
				CLANG_WARN_EMPTY_BODY = YES;
				CLANG_WARN_ENUM_CONVERSION = YES;
				CLANG_WARN_INFINITE_RECURSION = YES;
				CLANG_WARN_INT_CONVERSION = YES;
				CLANG_WARN_NON_LITERAL_NULL_CONVERSION = YES;
				CLANG_WARN_OBJC_IMPLICIT_RETAIN_SELF = YES;
				CLANG_WARN_OBJC_LITERAL_CONVERSION = YES;
				CLANG_WARN_OBJC_ROOT_CLASS = YES_ERROR;
				CLANG_WARN_RANGE_LOOP_ANALYSIS = YES;
				CLANG_WARN_STRICT_PROTOTYPES = YES;
				CLANG_WARN_SUSPICIOUS_MOVE = YES;
				CLANG_WARN_UNREACHABLE_CODE = YES;
				CLANG_WARN__DUPLICATE_METHOD_MATCH = YES;
				"CODE_SIGN_IDENTITY[sdk=iphoneos*]" = "iPhone Developer";
				COPY_PHASE_STRIP = NO;
				DEBUG_INFORMATION_FORMAT = "dwarf-with-dsym";
				ENABLE_STRICT_OBJC_MSGSEND = YES;
				ENABLE_TESTABILITY = YES;
				GCC_C_LANGUAGE_STANDARD = gnu99;
				GCC_DYNAMIC_NO_PIC = NO;
				GCC_NO_COMMON_BLOCKS = YES;
				GCC_OPTIMIZATION_LEVEL = 0;
				GCC_PREPROCESSOR_DEFINITIONS = (
					"DEBUG=1",
					"$(inherited)",
				);
				GCC_SYMBOLS_PRIVATE_EXTERN = NO;
				GCC_WARN_64_TO_32_BIT_CONVERSION = YES;
				GCC_WARN_ABOUT_RETURN_TYPE = YES_ERROR;
				GCC_WARN_UNDECLARED_SELECTOR = YES;
				GCC_WARN_UNINITIALIZED_AUTOS = YES_AGGRESSIVE;
				GCC_WARN_UNUSED_FUNCTION = YES;
				GCC_WARN_UNUSED_VARIABLE = YES;
				IPHONEOS_DEPLOYMENT_TARGET = 9.0;
				MTL_ENABLE_DEBUG_INFO = YES;
				ONLY_ACTIVE_ARCH = YES;
				SDKROOT = iphoneos;
				SWIFT_OPTIMIZATION_LEVEL = "-Onone";
			};
			name = Debug;
		};
		DC7D525E1B274265002B3D0F /* Release */ = {
			isa = XCBuildConfiguration;
			buildSettings = {
				ALWAYS_SEARCH_USER_PATHS = NO;
				CLANG_ANALYZER_LOCALIZABILITY_NONLOCALIZED = YES;
				CLANG_CXX_LANGUAGE_STANDARD = "gnu++0x";
				CLANG_CXX_LIBRARY = "libc++";
				CLANG_ENABLE_MODULES = YES;
				CLANG_ENABLE_OBJC_ARC = YES;
				CLANG_WARN_BLOCK_CAPTURE_AUTORELEASING = YES;
				CLANG_WARN_BOOL_CONVERSION = YES;
				CLANG_WARN_COMMA = YES;
				CLANG_WARN_CONSTANT_CONVERSION = YES;
				CLANG_WARN_DEPRECATED_OBJC_IMPLEMENTATIONS = YES;
				CLANG_WARN_DIRECT_OBJC_ISA_USAGE = YES_ERROR;
				CLANG_WARN_EMPTY_BODY = YES;
				CLANG_WARN_ENUM_CONVERSION = YES;
				CLANG_WARN_INFINITE_RECURSION = YES;
				CLANG_WARN_INT_CONVERSION = YES;
				CLANG_WARN_NON_LITERAL_NULL_CONVERSION = YES;
				CLANG_WARN_OBJC_IMPLICIT_RETAIN_SELF = YES;
				CLANG_WARN_OBJC_LITERAL_CONVERSION = YES;
				CLANG_WARN_OBJC_ROOT_CLASS = YES_ERROR;
				CLANG_WARN_RANGE_LOOP_ANALYSIS = YES;
				CLANG_WARN_STRICT_PROTOTYPES = YES;
				CLANG_WARN_SUSPICIOUS_MOVE = YES;
				CLANG_WARN_UNREACHABLE_CODE = YES;
				CLANG_WARN__DUPLICATE_METHOD_MATCH = YES;
				"CODE_SIGN_IDENTITY[sdk=iphoneos*]" = "iPhone Developer";
				COPY_PHASE_STRIP = NO;
				DEBUG_INFORMATION_FORMAT = "dwarf-with-dsym";
				ENABLE_NS_ASSERTIONS = NO;
				ENABLE_STRICT_OBJC_MSGSEND = YES;
				GCC_C_LANGUAGE_STANDARD = gnu99;
				GCC_NO_COMMON_BLOCKS = YES;
				GCC_WARN_64_TO_32_BIT_CONVERSION = YES;
				GCC_WARN_ABOUT_RETURN_TYPE = YES_ERROR;
				GCC_WARN_UNDECLARED_SELECTOR = YES;
				GCC_WARN_UNINITIALIZED_AUTOS = YES_AGGRESSIVE;
				GCC_WARN_UNUSED_FUNCTION = YES;
				GCC_WARN_UNUSED_VARIABLE = YES;
				IPHONEOS_DEPLOYMENT_TARGET = 9.0;
				MTL_ENABLE_DEBUG_INFO = NO;
				SDKROOT = iphoneos;
				SWIFT_OPTIMIZATION_LEVEL = "-Owholemodule";
				VALIDATE_PRODUCT = YES;
			};
			name = Release;
		};
		DC7D52601B274265002B3D0F /* Debug */ = {
			isa = XCBuildConfiguration;
			buildSettings = {
				ASSETCATALOG_COMPILER_APPICON_NAME = AppIcon;
				CODE_SIGN_ENTITLEMENTS = Placestar/Placestar.entitlements;
				CODE_SIGN_IDENTITY = "iPhone Developer";
				DEVELOPMENT_TEAM = C7H8ATK9UZ;
				INFOPLIST_FILE = Placestar/Info.plist;
				IPHONEOS_DEPLOYMENT_TARGET = 9.0;
				LD_RUNPATH_SEARCH_PATHS = "$(inherited) @executable_path/Frameworks";
				PRODUCT_BUNDLE_IDENTIFIER = "com.floesing.$(PRODUCT_NAME:rfc1034identifier)";
				PRODUCT_NAME = Placestar;
				SWIFT_VERSION = 5.0;
			};
			name = Debug;
		};
		DC7D52611B274265002B3D0F /* Release */ = {
			isa = XCBuildConfiguration;
			buildSettings = {
				ASSETCATALOG_COMPILER_APPICON_NAME = AppIcon;
				CODE_SIGN_ENTITLEMENTS = Placestar/Placestar.entitlements;
				CODE_SIGN_IDENTITY = "iPhone Developer";
				DEVELOPMENT_TEAM = C7H8ATK9UZ;
				INFOPLIST_FILE = Placestar/Info.plist;
				IPHONEOS_DEPLOYMENT_TARGET = 9.0;
				LD_RUNPATH_SEARCH_PATHS = "$(inherited) @executable_path/Frameworks";
				PRODUCT_BUNDLE_IDENTIFIER = "com.floesing.$(PRODUCT_NAME:rfc1034identifier)";
				PRODUCT_NAME = Placestar;
				SWIFT_VERSION = 5.0;
			};
			name = Release;
		};
		DC7D52631B274265002B3D0F /* Debug */ = {
			isa = XCBuildConfiguration;
			buildSettings = {
				BUNDLE_LOADER = "$(TEST_HOST)";
				FRAMEWORK_SEARCH_PATHS = "";
				GCC_PREPROCESSOR_DEFINITIONS = (
					"DEBUG=1",
					"$(inherited)",
				);
				INFOPLIST_FILE = PlacestarTests/Info.plist;
				LD_RUNPATH_SEARCH_PATHS = "$(inherited) @executable_path/Frameworks @loader_path/Frameworks";
				PRODUCT_BUNDLE_IDENTIFIER = "com.floesing.$(PRODUCT_NAME:rfc1034identifier)";
				PRODUCT_NAME = Placestar;
				SWIFT_VERSION = 5.0;
				TEST_HOST = "$(BUILT_PRODUCTS_DIR)/Placestar.app/Placestar";
			};
			name = Debug;
		};
		DC7D52641B274265002B3D0F /* Release */ = {
			isa = XCBuildConfiguration;
			buildSettings = {
				BUNDLE_LOADER = "$(TEST_HOST)";
				FRAMEWORK_SEARCH_PATHS = "";
				INFOPLIST_FILE = PlacestarTests/Info.plist;
				LD_RUNPATH_SEARCH_PATHS = "$(inherited) @executable_path/Frameworks @loader_path/Frameworks";
				PRODUCT_BUNDLE_IDENTIFIER = "com.floesing.$(PRODUCT_NAME:rfc1034identifier)";
				PRODUCT_NAME = Placestar;
				SWIFT_VERSION = 5.0;
				TEST_HOST = "$(BUILT_PRODUCTS_DIR)/Placestar.app/Placestar";
			};
			name = Release;
		};
/* End XCBuildConfiguration section */

/* Begin XCConfigurationList section */
		DC7D52391B274265002B3D0F /* Build configuration list for PBXProject "Placestar" */ = {
			isa = XCConfigurationList;
			buildConfigurations = (
				DC7D525D1B274265002B3D0F /* Debug */,
				DC7D525E1B274265002B3D0F /* Release */,
			);
			defaultConfigurationIsVisible = 0;
			defaultConfigurationName = Release;
		};
		DC7D525F1B274265002B3D0F /* Build configuration list for PBXNativeTarget "Placestar" */ = {
			isa = XCConfigurationList;
			buildConfigurations = (
				DC7D52601B274265002B3D0F /* Debug */,
				DC7D52611B274265002B3D0F /* Release */,
			);
			defaultConfigurationIsVisible = 0;
			defaultConfigurationName = Release;
		};
		DC7D52621B274265002B3D0F /* Build configuration list for PBXNativeTarget "PlacestarTests" */ = {
			isa = XCConfigurationList;
			buildConfigurations = (
				DC7D52631B274265002B3D0F /* Debug */,
				DC7D52641B274265002B3D0F /* Release */,
			);
			defaultConfigurationIsVisible = 0;
			defaultConfigurationName = Release;
		};
/* End XCConfigurationList section */

/* Begin XCVersionGroup section */
		DCF686AB1BA6D5B000D7A9FF /* DataModel.xcdatamodeld */ = {
			isa = XCVersionGroup;
			children = (
				DCF686AC1BA6D5B000D7A9FF /* DataModel.xcdatamodel */,
			);
			currentVersion = DCF686AC1BA6D5B000D7A9FF /* DataModel.xcdatamodel */;
			path = DataModel.xcdatamodeld;
			sourceTree = "<group>";
			versionGroupType = wrapper.xcdatamodel;
		};
/* End XCVersionGroup section */
	};
	rootObject = DC7D52361B274265002B3D0F /* Project object */;
}
